// !$*UTF8*$!
{
	archiveVersion = 1;
	classes = {
	};
	objectVersion = 46;
	objects = {

/* Begin PBXBuildFile section */
		1C0ADC1416A4954500ACC0EA /* LFPublicAPIClient.m in Sources */ = {isa = PBXBuildFile; fileRef = 1C0ADC1316A4954500ACC0EA /* LFPublicAPIClient.m */; };
		1C0ADC1516A4954500ACC0EA /* LFPublicAPIClient.m in Sources */ = {isa = PBXBuildFile; fileRef = 1C0ADC1316A4954500ACC0EA /* LFPublicAPIClient.m */; };
		1C0ADC1916A4970300ACC0EA /* LFClientBase.m in Sources */ = {isa = PBXBuildFile; fileRef = 1C0ADC1816A4970300ACC0EA /* LFClientBase.m */; };
		1C0ADC1A16A4970300ACC0EA /* LFClientBase.m in Sources */ = {isa = PBXBuildFile; fileRef = 1C0ADC1816A4970300ACC0EA /* LFClientBase.m */; };
		1C0ADC1D16A4983F00ACC0EA /* LFConstants.m in Sources */ = {isa = PBXBuildFile; fileRef = 1C0ADC1C16A4983F00ACC0EA /* LFConstants.m */; };
		1C0ADC1E16A4983F00ACC0EA /* LFConstants.m in Sources */ = {isa = PBXBuildFile; fileRef = 1C0ADC1C16A4983F00ACC0EA /* LFConstants.m */; };
		1C0ADC2116A49AC700ACC0EA /* LFWriteClient.m in Sources */ = {isa = PBXBuildFile; fileRef = 1C0ADC2016A49AC700ACC0EA /* LFWriteClient.m */; };
		1C0ADC2216A49AC700ACC0EA /* LFWriteClient.m in Sources */ = {isa = PBXBuildFile; fileRef = 1C0ADC2016A49AC700ACC0EA /* LFWriteClient.m */; };
		1C0ADC2816A4B7E800ACC0EA /* LFStreamClient.m in Sources */ = {isa = PBXBuildFile; fileRef = 1C0ADC2716A4B7E800ACC0EA /* LFStreamClient.m */; };
		1C0ADC2916A4B7E800ACC0EA /* LFStreamClient.m in Sources */ = {isa = PBXBuildFile; fileRef = 1C0ADC2716A4B7E800ACC0EA /* LFStreamClient.m */; };
		1C0ADC2D16A4CD7000ACC0EA /* LFAdminClient.m in Sources */ = {isa = PBXBuildFile; fileRef = 1C0ADC2C16A4CD7000ACC0EA /* LFAdminClient.m */; };
		1C0ADC2E16A4CD7000ACC0EA /* LFAdminClient.m in Sources */ = {isa = PBXBuildFile; fileRef = 1C0ADC2C16A4CD7000ACC0EA /* LFAdminClient.m */; };
		1C0ADC3216A5DBF000ACC0EA /* Config.m in Sources */ = {isa = PBXBuildFile; fileRef = 1C0ADC3116A5DBF000ACC0EA /* Config.m */; };
		1C0ADC3416A5DBFB00ACC0EA /* TestConfig.plist in Resources */ = {isa = PBXBuildFile; fileRef = 1C0ADC3316A5DBFB00ACC0EA /* TestConfig.plist */; };
		1C0ADC3916A6238900ACC0EA /* init-sample.json in Resources */ = {isa = PBXBuildFile; fileRef = 1C0ADC3816A6238900ACC0EA /* init-sample.json */; };
		1C0ADC4016A6570200ACC0EA /* LFARC4.m in Sources */ = {isa = PBXBuildFile; fileRef = 1C0ADC3F16A6570100ACC0EA /* LFARC4.m */; };
		1C0ADC4116A6570200ACC0EA /* LFARC4.m in Sources */ = {isa = PBXBuildFile; fileRef = 1C0ADC3F16A6570100ACC0EA /* LFARC4.m */; };
		1C4CC88516A48B3800C33DEC /* Foundation.framework in Frameworks */ = {isa = PBXBuildFile; fileRef = 1C4CC88416A48B3800C33DEC /* Foundation.framework */; };
		1C4CC88A16A48B3800C33DEC /* LFClient.h in CopyFiles */ = {isa = PBXBuildFile; fileRef = 1C4CC88916A48B3800C33DEC /* LFClient.h */; };
		1C4CC88C16A48B3800C33DEC /* LFClient.m in Sources */ = {isa = PBXBuildFile; fileRef = 1C4CC88B16A48B3800C33DEC /* LFClient.m */; };
		1C4CC89416A48B3800C33DEC /* SenTestingKit.framework in Frameworks */ = {isa = PBXBuildFile; fileRef = 1C4CC89316A48B3800C33DEC /* SenTestingKit.framework */; };
		1C4CC89616A48B3800C33DEC /* UIKit.framework in Frameworks */ = {isa = PBXBuildFile; fileRef = 1C4CC89516A48B3800C33DEC /* UIKit.framework */; };
		1C4CC89716A48B3800C33DEC /* Foundation.framework in Frameworks */ = {isa = PBXBuildFile; fileRef = 1C4CC88416A48B3800C33DEC /* Foundation.framework */; };
		1C4CC89A16A48B3800C33DEC /* libLFClient.a in Frameworks */ = {isa = PBXBuildFile; fileRef = 1C4CC88116A48B3800C33DEC /* libLFClient.a */; };
		1C4CC8A016A48B3800C33DEC /* InfoPlist.strings in Resources */ = {isa = PBXBuildFile; fileRef = 1C4CC89E16A48B3800C33DEC /* InfoPlist.strings */; };
		1C4CC8A316A48B3800C33DEC /* LFClientNetworkTests.m in Sources */ = {isa = PBXBuildFile; fileRef = 1C4CC8A216A48B3800C33DEC /* LFClientNetworkTests.m */; };
		1C4CC8C716A4907800C33DEC /* NSDate+Relative.m in Sources */ = {isa = PBXBuildFile; fileRef = 1C4CC8C216A4907800C33DEC /* NSDate+Relative.m */; };
		1C4CC8C816A4907800C33DEC /* NSString+Base64Encoding.m in Sources */ = {isa = PBXBuildFile; fileRef = 1C4CC8C416A4907800C33DEC /* NSString+Base64Encoding.m */; };
		1C4CC8C916A4907800C33DEC /* NSString+QueryString.m in Sources */ = {isa = PBXBuildFile; fileRef = 1C4CC8C616A4907800C33DEC /* NSString+QueryString.m */; };
		1C4CC8CA16A4909500C33DEC /* NSDate+Relative.m in Sources */ = {isa = PBXBuildFile; fileRef = 1C4CC8C216A4907800C33DEC /* NSDate+Relative.m */; };
		1C4CC8CB16A490A300C33DEC /* NSString+Base64Encoding.m in Sources */ = {isa = PBXBuildFile; fileRef = 1C4CC8C416A4907800C33DEC /* NSString+Base64Encoding.m */; };
		1C4CC8CC16A490A900C33DEC /* NSString+QueryString.m in Sources */ = {isa = PBXBuildFile; fileRef = 1C4CC8C616A4907800C33DEC /* NSString+QueryString.m */; };
		1C4CC8CF16A4913200C33DEC /* LFBootstrapClient.m in Sources */ = {isa = PBXBuildFile; fileRef = 1C4CC8CE16A4913200C33DEC /* LFBootstrapClient.m */; };
		1C4CC8D016A4913200C33DEC /* LFBootstrapClient.m in Sources */ = {isa = PBXBuildFile; fileRef = 1C4CC8CE16A4913200C33DEC /* LFBootstrapClient.m */; };
/* End PBXBuildFile section */

/* Begin PBXContainerItemProxy section */
		1C4CC89816A48B3800C33DEC /* PBXContainerItemProxy */ = {
			isa = PBXContainerItemProxy;
			containerPortal = 1C4CC87816A48B3800C33DEC /* Project object */;
			proxyType = 1;
			remoteGlobalIDString = 1C4CC88016A48B3800C33DEC;
			remoteInfo = LFClient;
		};
/* End PBXContainerItemProxy section */

/* Begin PBXCopyFilesBuildPhase section */
		1C4CC87F16A48B3800C33DEC /* CopyFiles */ = {
			isa = PBXCopyFilesBuildPhase;
			buildActionMask = 2147483647;
			dstPath = "include/${PRODUCT_NAME}";
			dstSubfolderSpec = 16;
			files = (
				1C4CC88A16A48B3800C33DEC /* LFClient.h in CopyFiles */,
			);
			runOnlyForDeploymentPostprocessing = 0;
		};
/* End PBXCopyFilesBuildPhase section */

/* Begin PBXFileReference section */
		1C0ADC1216A4954500ACC0EA /* LFPublicAPIClient.h */ = {isa = PBXFileReference; fileEncoding = 4; lastKnownFileType = sourcecode.c.h; path = LFPublicAPIClient.h; sourceTree = "<group>"; };
		1C0ADC1316A4954500ACC0EA /* LFPublicAPIClient.m */ = {isa = PBXFileReference; fileEncoding = 4; lastKnownFileType = sourcecode.c.objc; path = LFPublicAPIClient.m; sourceTree = "<group>"; };
		1C0ADC1716A4970300ACC0EA /* LFClientBase.h */ = {isa = PBXFileReference; fileEncoding = 4; lastKnownFileType = sourcecode.c.h; path = LFClientBase.h; sourceTree = "<group>"; };
		1C0ADC1816A4970300ACC0EA /* LFClientBase.m */ = {isa = PBXFileReference; fileEncoding = 4; lastKnownFileType = sourcecode.c.objc; path = LFClientBase.m; sourceTree = "<group>"; };
		1C0ADC1B16A4983F00ACC0EA /* LFConstants.h */ = {isa = PBXFileReference; fileEncoding = 4; lastKnownFileType = sourcecode.c.h; path = LFConstants.h; sourceTree = "<group>"; };
		1C0ADC1C16A4983F00ACC0EA /* LFConstants.m */ = {isa = PBXFileReference; fileEncoding = 4; lastKnownFileType = sourcecode.c.objc; path = LFConstants.m; sourceTree = "<group>"; };
		1C0ADC1F16A49AC600ACC0EA /* LFWriteClient.h */ = {isa = PBXFileReference; fileEncoding = 4; lastKnownFileType = sourcecode.c.h; path = LFWriteClient.h; sourceTree = "<group>"; };
		1C0ADC2016A49AC700ACC0EA /* LFWriteClient.m */ = {isa = PBXFileReference; fileEncoding = 4; lastKnownFileType = sourcecode.c.objc; path = LFWriteClient.m; sourceTree = "<group>"; };
		1C0ADC2616A4B7E800ACC0EA /* LFStreamClient.h */ = {isa = PBXFileReference; fileEncoding = 4; lastKnownFileType = sourcecode.c.h; path = LFStreamClient.h; sourceTree = "<group>"; };
		1C0ADC2716A4B7E800ACC0EA /* LFStreamClient.m */ = {isa = PBXFileReference; fileEncoding = 4; lastKnownFileType = sourcecode.c.objc; path = LFStreamClient.m; sourceTree = "<group>"; };
		1C0ADC2B16A4CD7000ACC0EA /* LFAdminClient.h */ = {isa = PBXFileReference; fileEncoding = 4; lastKnownFileType = sourcecode.c.h; path = LFAdminClient.h; sourceTree = "<group>"; };
		1C0ADC2C16A4CD7000ACC0EA /* LFAdminClient.m */ = {isa = PBXFileReference; fileEncoding = 4; lastKnownFileType = sourcecode.c.objc; path = LFAdminClient.m; sourceTree = "<group>"; };
		1C0ADC3016A5DBF000ACC0EA /* Config.h */ = {isa = PBXFileReference; fileEncoding = 4; lastKnownFileType = sourcecode.c.h; path = Config.h; sourceTree = "<group>"; };
		1C0ADC3116A5DBF000ACC0EA /* Config.m */ = {isa = PBXFileReference; fileEncoding = 4; lastKnownFileType = sourcecode.c.objc; path = Config.m; sourceTree = "<group>"; };
		1C0ADC3316A5DBFB00ACC0EA /* TestConfig.plist */ = {isa = PBXFileReference; fileEncoding = 4; lastKnownFileType = text.plist.xml; path = TestConfig.plist; sourceTree = "<group>"; };
		1C0ADC3816A6238900ACC0EA /* init-sample.json */ = {isa = PBXFileReference; fileEncoding = 4; lastKnownFileType = text.json; path = "init-sample.json"; sourceTree = "<group>"; };
		1C0ADC3E16A6570100ACC0EA /* LFARC4.h */ = {isa = PBXFileReference; fileEncoding = 4; lastKnownFileType = sourcecode.c.h; path = LFARC4.h; sourceTree = "<group>"; };
		1C0ADC3F16A6570100ACC0EA /* LFARC4.m */ = {isa = PBXFileReference; fileEncoding = 4; lastKnownFileType = sourcecode.c.objc; path = LFARC4.m; sourceTree = "<group>"; };
		1C4CC88116A48B3800C33DEC /* libLFClient.a */ = {isa = PBXFileReference; explicitFileType = archive.ar; includeInIndex = 0; path = libLFClient.a; sourceTree = BUILT_PRODUCTS_DIR; };
		1C4CC88416A48B3800C33DEC /* Foundation.framework */ = {isa = PBXFileReference; lastKnownFileType = wrapper.framework; name = Foundation.framework; path = System/Library/Frameworks/Foundation.framework; sourceTree = SDKROOT; };
		1C4CC88816A48B3800C33DEC /* LFClient-Prefix.pch */ = {isa = PBXFileReference; lastKnownFileType = sourcecode.c.h; path = "LFClient-Prefix.pch"; sourceTree = "<group>"; };
		1C4CC88916A48B3800C33DEC /* LFClient.h */ = {isa = PBXFileReference; lastKnownFileType = sourcecode.c.h; path = LFClient.h; sourceTree = "<group>"; };
		1C4CC88B16A48B3800C33DEC /* LFClient.m */ = {isa = PBXFileReference; lastKnownFileType = sourcecode.c.objc; path = LFClient.m; sourceTree = "<group>"; };
		1C4CC89216A48B3800C33DEC /* LFClientTests.octest */ = {isa = PBXFileReference; explicitFileType = wrapper.cfbundle; includeInIndex = 0; path = LFClientTests.octest; sourceTree = BUILT_PRODUCTS_DIR; };
		1C4CC89316A48B3800C33DEC /* SenTestingKit.framework */ = {isa = PBXFileReference; lastKnownFileType = wrapper.framework; name = SenTestingKit.framework; path = Library/Frameworks/SenTestingKit.framework; sourceTree = DEVELOPER_DIR; };
		1C4CC89516A48B3800C33DEC /* UIKit.framework */ = {isa = PBXFileReference; lastKnownFileType = wrapper.framework; name = UIKit.framework; path = Library/Frameworks/UIKit.framework; sourceTree = DEVELOPER_DIR; };
		1C4CC89D16A48B3800C33DEC /* LFClientTests-Info.plist */ = {isa = PBXFileReference; lastKnownFileType = text.plist.xml; path = "LFClientTests-Info.plist"; sourceTree = "<group>"; };
		1C4CC89F16A48B3800C33DEC /* en */ = {isa = PBXFileReference; lastKnownFileType = text.plist.strings; name = en; path = en.lproj/InfoPlist.strings; sourceTree = "<group>"; };
		1C4CC8A116A48B3800C33DEC /* LFClientNetworkTests.h */ = {isa = PBXFileReference; lastKnownFileType = sourcecode.c.h; path = LFClientNetworkTests.h; sourceTree = "<group>"; };
		1C4CC8A216A48B3800C33DEC /* LFClientNetworkTests.m */ = {isa = PBXFileReference; lastKnownFileType = sourcecode.c.objc; path = LFClientNetworkTests.m; sourceTree = "<group>"; };
		1C4CC8C116A4907800C33DEC /* NSDate+Relative.h */ = {isa = PBXFileReference; fileEncoding = 4; lastKnownFileType = sourcecode.c.h; path = "NSDate+Relative.h"; sourceTree = "<group>"; };
		1C4CC8C216A4907800C33DEC /* NSDate+Relative.m */ = {isa = PBXFileReference; fileEncoding = 4; lastKnownFileType = sourcecode.c.objc; path = "NSDate+Relative.m"; sourceTree = "<group>"; };
		1C4CC8C316A4907800C33DEC /* NSString+Base64Encoding.h */ = {isa = PBXFileReference; fileEncoding = 4; lastKnownFileType = sourcecode.c.h; path = "NSString+Base64Encoding.h"; sourceTree = "<group>"; };
		1C4CC8C416A4907800C33DEC /* NSString+Base64Encoding.m */ = {isa = PBXFileReference; fileEncoding = 4; lastKnownFileType = sourcecode.c.objc; path = "NSString+Base64Encoding.m"; sourceTree = "<group>"; };
		1C4CC8C516A4907800C33DEC /* NSString+QueryString.h */ = {isa = PBXFileReference; fileEncoding = 4; lastKnownFileType = sourcecode.c.h; path = "NSString+QueryString.h"; sourceTree = "<group>"; };
		1C4CC8C616A4907800C33DEC /* NSString+QueryString.m */ = {isa = PBXFileReference; fileEncoding = 4; lastKnownFileType = sourcecode.c.objc; path = "NSString+QueryString.m"; sourceTree = "<group>"; };
		1C4CC8CD16A4913200C33DEC /* LFBootstrapClient.h */ = {isa = PBXFileReference; fileEncoding = 4; lastKnownFileType = sourcecode.c.h; path = LFBootstrapClient.h; sourceTree = "<group>"; };
		1C4CC8CE16A4913200C33DEC /* LFBootstrapClient.m */ = {isa = PBXFileReference; fileEncoding = 4; lastKnownFileType = sourcecode.c.objc; path = LFBootstrapClient.m; sourceTree = "<group>"; };
/* End PBXFileReference section */

/* Begin PBXFrameworksBuildPhase section */
		1C4CC87E16A48B3800C33DEC /* Frameworks */ = {
			isa = PBXFrameworksBuildPhase;
			buildActionMask = 2147483647;
			files = (
				1C4CC88516A48B3800C33DEC /* Foundation.framework in Frameworks */,
			);
			runOnlyForDeploymentPostprocessing = 0;
		};
		1C4CC88E16A48B3800C33DEC /* Frameworks */ = {
			isa = PBXFrameworksBuildPhase;
			buildActionMask = 2147483647;
			files = (
				1C4CC89416A48B3800C33DEC /* SenTestingKit.framework in Frameworks */,
				1C4CC89616A48B3800C33DEC /* UIKit.framework in Frameworks */,
				1C4CC89716A48B3800C33DEC /* Foundation.framework in Frameworks */,
				1C4CC89A16A48B3800C33DEC /* libLFClient.a in Frameworks */,
			);
			runOnlyForDeploymentPostprocessing = 0;
		};
/* End PBXFrameworksBuildPhase section */

/* Begin PBXGroup section */
		1C4CC87616A48B3800C33DEC = {
			isa = PBXGroup;
			children = (
				1C4CC8C016A4907800C33DEC /* Categories */,
				1C4CC88616A48B3800C33DEC /* LFClient */,
				1C4CC89B16A48B3800C33DEC /* LFClientTests */,
				1C4CC88316A48B3800C33DEC /* Frameworks */,
				1C4CC88216A48B3800C33DEC /* Products */,
			);
			sourceTree = "<group>";
		};
		1C4CC88216A48B3800C33DEC /* Products */ = {
			isa = PBXGroup;
			children = (
				1C4CC88116A48B3800C33DEC /* libLFClient.a */,
				1C4CC89216A48B3800C33DEC /* LFClientTests.octest */,
			);
			name = Products;
			sourceTree = "<group>";
		};
		1C4CC88316A48B3800C33DEC /* Frameworks */ = {
			isa = PBXGroup;
			children = (
				1C4CC88416A48B3800C33DEC /* Foundation.framework */,
				1C4CC89316A48B3800C33DEC /* SenTestingKit.framework */,
				1C4CC89516A48B3800C33DEC /* UIKit.framework */,
			);
			name = Frameworks;
			sourceTree = "<group>";
		};
		1C4CC88616A48B3800C33DEC /* LFClient */ = {
			isa = PBXGroup;
			children = (
				1C0ADC3E16A6570100ACC0EA /* LFARC4.h */,
				1C0ADC3F16A6570100ACC0EA /* LFARC4.m */,
				1C0ADC1B16A4983F00ACC0EA /* LFConstants.h */,
				1C0ADC1C16A4983F00ACC0EA /* LFConstants.m */,
				1C0ADC1716A4970300ACC0EA /* LFClientBase.h */,
				1C0ADC1816A4970300ACC0EA /* LFClientBase.m */,
				1C4CC8CD16A4913200C33DEC /* LFBootstrapClient.h */,
				1C4CC8CE16A4913200C33DEC /* LFBootstrapClient.m */,
				1C0ADC1F16A49AC600ACC0EA /* LFWriteClient.h */,
				1C0ADC2016A49AC700ACC0EA /* LFWriteClient.m */,
				1C0ADC1216A4954500ACC0EA /* LFPublicAPIClient.h */,
				1C0ADC1316A4954500ACC0EA /* LFPublicAPIClient.m */,
				1C0ADC2616A4B7E800ACC0EA /* LFStreamClient.h */,
				1C0ADC2716A4B7E800ACC0EA /* LFStreamClient.m */,
				1C0ADC2B16A4CD7000ACC0EA /* LFAdminClient.h */,
				1C0ADC2C16A4CD7000ACC0EA /* LFAdminClient.m */,
				1C4CC88916A48B3800C33DEC /* LFClient.h */,
				1C4CC88B16A48B3800C33DEC /* LFClient.m */,
				1C4CC88716A48B3800C33DEC /* Supporting Files */,
			);
			path = LFClient;
			sourceTree = "<group>";
		};
		1C4CC88716A48B3800C33DEC /* Supporting Files */ = {
			isa = PBXGroup;
			children = (
				1C4CC88816A48B3800C33DEC /* LFClient-Prefix.pch */,
			);
			name = "Supporting Files";
			sourceTree = "<group>";
		};
		1C4CC89B16A48B3800C33DEC /* LFClientTests */ = {
			isa = PBXGroup;
			children = (
				1C0ADC3316A5DBFB00ACC0EA /* TestConfig.plist */,
				1C0ADC3016A5DBF000ACC0EA /* Config.h */,
				1C0ADC3116A5DBF000ACC0EA /* Config.m */,
				1C4CC8A116A48B3800C33DEC /* LFClientNetworkTests.h */,
				1C4CC8A216A48B3800C33DEC /* LFClientNetworkTests.m */,
				1C4CC89C16A48B3800C33DEC /* Supporting Files */,
			);
			path = LFClientTests;
			sourceTree = "<group>";
		};
		1C4CC89C16A48B3800C33DEC /* Supporting Files */ = {
			isa = PBXGroup;
			children = (
				1C0ADC3816A6238900ACC0EA /* init-sample.json */,
				1C4CC89D16A48B3800C33DEC /* LFClientTests-Info.plist */,
				1C4CC89E16A48B3800C33DEC /* InfoPlist.strings */,
			);
			name = "Supporting Files";
			sourceTree = "<group>";
		};
		1C4CC8C016A4907800C33DEC /* Categories */ = {
			isa = PBXGroup;
			children = (
				1C4CC8C116A4907800C33DEC /* NSDate+Relative.h */,
				1C4CC8C216A4907800C33DEC /* NSDate+Relative.m */,
				1C4CC8C316A4907800C33DEC /* NSString+Base64Encoding.h */,
				1C4CC8C416A4907800C33DEC /* NSString+Base64Encoding.m */,
				1C4CC8C516A4907800C33DEC /* NSString+QueryString.h */,
				1C4CC8C616A4907800C33DEC /* NSString+QueryString.m */,
			);
			path = Categories;
			sourceTree = "<group>";
		};
/* End PBXGroup section */

/* Begin PBXNativeTarget section */
		1C4CC88016A48B3800C33DEC /* LFClient */ = {
			isa = PBXNativeTarget;
			buildConfigurationList = 1C4CC8A616A48B3800C33DEC /* Build configuration list for PBXNativeTarget "LFClient" */;
			buildPhases = (
				1C4CC87D16A48B3800C33DEC /* Sources */,
				1C4CC87E16A48B3800C33DEC /* Frameworks */,
				1C4CC87F16A48B3800C33DEC /* CopyFiles */,
			);
			buildRules = (
			);
			dependencies = (
			);
			name = LFClient;
			productName = LFClient;
			productReference = 1C4CC88116A48B3800C33DEC /* libLFClient.a */;
			productType = "com.apple.product-type.library.static";
		};
		1C4CC89116A48B3800C33DEC /* LFClientTests */ = {
			isa = PBXNativeTarget;
			buildConfigurationList = 1C4CC8A916A48B3800C33DEC /* Build configuration list for PBXNativeTarget "LFClientTests" */;
			buildPhases = (
				1C4CC88D16A48B3800C33DEC /* Sources */,
				1C4CC88E16A48B3800C33DEC /* Frameworks */,
				1C4CC88F16A48B3800C33DEC /* Resources */,
				1C4CC89016A48B3800C33DEC /* Test Script */,
			);
			buildRules = (
			);
			dependencies = (
				1C4CC89916A48B3800C33DEC /* PBXTargetDependency */,
			);
			name = LFClientTests;
			productName = LFClientTests;
			productReference = 1C4CC89216A48B3800C33DEC /* LFClientTests.octest */;
			productType = "com.apple.product-type.bundle";
		};
/* End PBXNativeTarget section */

/* Begin PBXProject section */
		1C4CC87816A48B3800C33DEC /* Project object */ = {
			isa = PBXProject;
			attributes = {
				LastUpgradeCheck = 0450;
				ORGANIZATIONNAME = Livefyre;
			};
			buildConfigurationList = 1C4CC87B16A48B3800C33DEC /* Build configuration list for PBXProject "LFClient" */;
			compatibilityVersion = "Xcode 3.2";
			developmentRegion = English;
			hasScannedForEncodings = 0;
			knownRegions = (
				en,
			);
			mainGroup = 1C4CC87616A48B3800C33DEC;
			productRefGroup = 1C4CC88216A48B3800C33DEC /* Products */;
			projectDirPath = "";
			projectRoot = "";
			targets = (
				1C4CC88016A48B3800C33DEC /* LFClient */,
				1C4CC89116A48B3800C33DEC /* LFClientTests */,
			);
		};
/* End PBXProject section */

/* Begin PBXResourcesBuildPhase section */
		1C4CC88F16A48B3800C33DEC /* Resources */ = {
			isa = PBXResourcesBuildPhase;
			buildActionMask = 2147483647;
			files = (
				1C4CC8A016A48B3800C33DEC /* InfoPlist.strings in Resources */,
				1C0ADC3416A5DBFB00ACC0EA /* TestConfig.plist in Resources */,
				1C0ADC3916A6238900ACC0EA /* init-sample.json in Resources */,
			);
			runOnlyForDeploymentPostprocessing = 0;
		};
/* End PBXResourcesBuildPhase section */

/* Begin PBXShellScriptBuildPhase section */
		1C4CC89016A48B3800C33DEC /* Test Script */ = {
			isa = PBXShellScriptBuildPhase;
			buildActionMask = 2147483647;
			files = (
			);
			inputPaths = (
			);
			name = "Test Script";
			outputPaths = (
			);
			runOnlyForDeploymentPostprocessing = 0;
			shellPath = /bin/sh;
			shellScript = "# Run the unit tests in this test bundle.\n\"${SYSTEM_DEVELOPER_DIR}/Tools/RunUnitTests\"\n";
		};
/* End PBXShellScriptBuildPhase section */

/* Begin PBXSourcesBuildPhase section */
		1C4CC87D16A48B3800C33DEC /* Sources */ = {
			isa = PBXSourcesBuildPhase;
			buildActionMask = 2147483647;
			files = (
				1C4CC8CC16A490A900C33DEC /* NSString+QueryString.m in Sources */,
				1C4CC8CB16A490A300C33DEC /* NSString+Base64Encoding.m in Sources */,
				1C4CC8CA16A4909500C33DEC /* NSDate+Relative.m in Sources */,
				1C4CC88C16A48B3800C33DEC /* LFClient.m in Sources */,
				1C4CC8CF16A4913200C33DEC /* LFBootstrapClient.m in Sources */,
				1C0ADC1416A4954500ACC0EA /* LFPublicAPIClient.m in Sources */,
				1C0ADC1916A4970300ACC0EA /* LFClientBase.m in Sources */,
				1C0ADC1D16A4983F00ACC0EA /* LFConstants.m in Sources */,
				1C0ADC2116A49AC700ACC0EA /* LFWriteClient.m in Sources */,
				1C0ADC2816A4B7E800ACC0EA /* LFStreamClient.m in Sources */,
				1C0ADC2D16A4CD7000ACC0EA /* LFAdminClient.m in Sources */,
				1C0ADC4016A6570200ACC0EA /* LFARC4.m in Sources */,
			);
			runOnlyForDeploymentPostprocessing = 0;
		};
		1C4CC88D16A48B3800C33DEC /* Sources */ = {
			isa = PBXSourcesBuildPhase;
			buildActionMask = 2147483647;
			files = (
				1C4CC8A316A48B3800C33DEC /* LFClientNetworkTests.m in Sources */,
				1C4CC8C716A4907800C33DEC /* NSDate+Relative.m in Sources */,
				1C4CC8C816A4907800C33DEC /* NSString+Base64Encoding.m in Sources */,
				1C4CC8C916A4907800C33DEC /* NSString+QueryString.m in Sources */,
				1C4CC8D016A4913200C33DEC /* LFBootstrapClient.m in Sources */,
				1C0ADC1516A4954500ACC0EA /* LFPublicAPIClient.m in Sources */,
				1C0ADC1A16A4970300ACC0EA /* LFClientBase.m in Sources */,
				1C0ADC1E16A4983F00ACC0EA /* LFConstants.m in Sources */,
				1C0ADC2216A49AC700ACC0EA /* LFWriteClient.m in Sources */,
				1C0ADC2916A4B7E800ACC0EA /* LFStreamClient.m in Sources */,
				1C0ADC2E16A4CD7000ACC0EA /* LFAdminClient.m in Sources */,
				1C0ADC3216A5DBF000ACC0EA /* Config.m in Sources */,
				1C0ADC4116A6570200ACC0EA /* LFARC4.m in Sources */,
			);
			runOnlyForDeploymentPostprocessing = 0;
		};
/* End PBXSourcesBuildPhase section */

/* Begin PBXTargetDependency section */
		1C4CC89916A48B3800C33DEC /* PBXTargetDependency */ = {
			isa = PBXTargetDependency;
			target = 1C4CC88016A48B3800C33DEC /* LFClient */;
			targetProxy = 1C4CC89816A48B3800C33DEC /* PBXContainerItemProxy */;
		};
/* End PBXTargetDependency section */

/* Begin PBXVariantGroup section */
		1C4CC89E16A48B3800C33DEC /* InfoPlist.strings */ = {
			isa = PBXVariantGroup;
			children = (
				1C4CC89F16A48B3800C33DEC /* en */,
			);
			name = InfoPlist.strings;
			sourceTree = "<group>";
		};
/* End PBXVariantGroup section */

/* Begin XCBuildConfiguration section */
		1C4CC8A416A48B3800C33DEC /* Debug */ = {
			isa = XCBuildConfiguration;
			buildSettings = {
				ALWAYS_SEARCH_USER_PATHS = NO;
				CLANG_CXX_LANGUAGE_STANDARD = "gnu++0x";
				CLANG_CXX_LIBRARY = "libc++";
				CLANG_ENABLE_OBJC_ARC = YES;
				CLANG_WARN_EMPTY_BODY = YES;
				CLANG_WARN__DUPLICATE_METHOD_MATCH = YES;
				COPY_PHASE_STRIP = NO;
				GCC_C_LANGUAGE_STANDARD = gnu99;
				GCC_DYNAMIC_NO_PIC = NO;
				GCC_OPTIMIZATION_LEVEL = 0;
				GCC_PREPROCESSOR_DEFINITIONS = (
					"DEBUG=1",
					"$(inherited)",
				);
				GCC_SYMBOLS_PRIVATE_EXTERN = NO;
				GCC_WARN_ABOUT_RETURN_TYPE = YES;
				GCC_WARN_UNINITIALIZED_AUTOS = YES;
				GCC_WARN_UNUSED_VARIABLE = YES;
				IPHONEOS_DEPLOYMENT_TARGET = 6.0;
				ONLY_ACTIVE_ARCH = YES;
				SDKROOT = iphoneos;
			};
			name = Debug;
		};
		1C4CC8A516A48B3800C33DEC /* Release */ = {
			isa = XCBuildConfiguration;
			buildSettings = {
				ALWAYS_SEARCH_USER_PATHS = NO;
				CLANG_CXX_LANGUAGE_STANDARD = "gnu++0x";
				CLANG_CXX_LIBRARY = "libc++";
				CLANG_ENABLE_OBJC_ARC = YES;
				CLANG_WARN_EMPTY_BODY = YES;
				CLANG_WARN__DUPLICATE_METHOD_MATCH = YES;
				COPY_PHASE_STRIP = YES;
				GCC_C_LANGUAGE_STANDARD = gnu99;
				GCC_WARN_ABOUT_RETURN_TYPE = YES;
				GCC_WARN_UNINITIALIZED_AUTOS = YES;
				GCC_WARN_UNUSED_VARIABLE = YES;
				IPHONEOS_DEPLOYMENT_TARGET = 6.0;
				SDKROOT = iphoneos;
				VALIDATE_PRODUCT = YES;
			};
			name = Release;
		};
		1C4CC8A716A48B3800C33DEC /* Debug */ = {
			isa = XCBuildConfiguration;
			buildSettings = {
				DSTROOT = /tmp/LFClient.dst;
				GCC_PRECOMPILE_PREFIX_HEADER = YES;
				GCC_PREFIX_HEADER = "LFClient/LFClient-Prefix.pch";
				OTHER_LDFLAGS = "-ObjC";
				PRODUCT_NAME = "$(TARGET_NAME)";
				SKIP_INSTALL = YES;
			};
			name = Debug;
		};
		1C4CC8A816A48B3800C33DEC /* Release */ = {
			isa = XCBuildConfiguration;
			buildSettings = {
				DSTROOT = /tmp/LFClient.dst;
				GCC_PRECOMPILE_PREFIX_HEADER = YES;
				GCC_PREFIX_HEADER = "LFClient/LFClient-Prefix.pch";
				OTHER_LDFLAGS = "-ObjC";
				PRODUCT_NAME = "$(TARGET_NAME)";
				SKIP_INSTALL = YES;
			};
			name = Release;
		};
		1C4CC8AA16A48B3800C33DEC /* Debug */ = {
			isa = XCBuildConfiguration;
			buildSettings = {
				FRAMEWORK_SEARCH_PATHS = (
					"\"$(SDKROOT)/Developer/Library/Frameworks\"",
					"\"$(DEVELOPER_LIBRARY_DIR)/Frameworks\"",
				);
				GCC_PRECOMPILE_PREFIX_HEADER = YES;
				GCC_PREFIX_HEADER = "LFClient/LFClient-Prefix.pch";
				INFOPLIST_FILE = "LFClientTests/LFClientTests-Info.plist";
				PRODUCT_NAME = "$(TARGET_NAME)";
				WRAPPER_EXTENSION = octest;
			};
			name = Debug;
		};
		1C4CC8AB16A48B3800C33DEC /* Release */ = {
			isa = XCBuildConfiguration;
			buildSettings = {
				FRAMEWORK_SEARCH_PATHS = (
					"\"$(SDKROOT)/Developer/Library/Frameworks\"",
					"\"$(DEVELOPER_LIBRARY_DIR)/Frameworks\"",
				);
				GCC_PRECOMPILE_PREFIX_HEADER = YES;
				GCC_PREFIX_HEADER = "LFClient/LFClient-Prefix.pch";
				INFOPLIST_FILE = "LFClientTests/LFClientTests-Info.plist";
				PRODUCT_NAME = "$(TARGET_NAME)";
				WRAPPER_EXTENSION = octest;
			};
			name = Release;
		};
/* End XCBuildConfiguration section */

/* Begin XCConfigurationList section */
		1C4CC87B16A48B3800C33DEC /* Build configuration list for PBXProject "LFClient" */ = {
			isa = XCConfigurationList;
			buildConfigurations = (
				1C4CC8A416A48B3800C33DEC /* Debug */,
				1C4CC8A516A48B3800C33DEC /* Release */,
			);
			defaultConfigurationIsVisible = 0;
			defaultConfigurationName = Release;
		};
		1C4CC8A616A48B3800C33DEC /* Build configuration list for PBXNativeTarget "LFClient" */ = {
			isa = XCConfigurationList;
			buildConfigurations = (
				1C4CC8A716A48B3800C33DEC /* Debug */,
				1C4CC8A816A48B3800C33DEC /* Release */,
			);
			defaultConfigurationIsVisible = 0;
			defaultConfigurationName = Release;
		};
		1C4CC8A916A48B3800C33DEC /* Build configuration list for PBXNativeTarget "LFClientTests" */ = {
			isa = XCConfigurationList;
			buildConfigurations = (
				1C4CC8AA16A48B3800C33DEC /* Debug */,
				1C4CC8AB16A48B3800C33DEC /* Release */,
			);
			defaultConfigurationIsVisible = 0;
			defaultConfigurationName = Release;
		};
/* End XCConfigurationList section */
	};
	rootObject = 1C4CC87816A48B3800C33DEC /* Project object */;
}
